{
  "requires": true,
  "lockfileVersion": 1,
  "dependencies": {
    "@expo/samples": {
      "version": "2.1.1",
      "resolved": "https://registry.npmjs.org/@expo/samples/-/samples-2.1.1.tgz",
      "integrity": "sha512-Kbr/HwqJ1nuZ/vM2WYV2ntgdONFWOBQDDcdI1830LBmd/8/KjkVunWy8SPIEVO4PNKsXopQaqrLWWEfgBpixUQ=="
    },
    "expo": {
      "version": "27.0.1",
      "resolved": "https://registry.npmjs.org/expo/-/expo-27.0.1.tgz",
      "integrity": "sha1-VWo3EhKC9FCbCCHY1OfIqNoMEdg=",
      "dependencies": {
        "ansi-regex": {
          "version": "3.0.0",
          "resolved": "https://registry.npmjs.org/ansi-regex/-/ansi-regex-3.0.0.tgz",
          "integrity": "sha1-7QMXwyIGT3lGbAKWa922Bas32Zg="
        },
        "ansi-styles": {
          "version": "3.2.1",
          "resolved": "https://registry.npmjs.org/ansi-styles/-/ansi-styles-3.2.1.tgz",
          "integrity": "sha512-VT0ZI6kZRdTh8YyJw3SMbYm/u+NqfsAxEpWO0Pf9sq8/e94WxxOpPKx9FR1FlyCtOVDNOQ+8ntlqFxiRc+r5qA=="
        },
        "pretty-format": {
          "version": "21.2.1",
          "resolved": "https://registry.npmjs.org/pretty-format/-/pretty-format-21.2.1.tgz",
          "integrity": "sha512-ZdWPGYAnYfcVP8yKA3zFjCn8s4/17TeYH28MXuC8vTp0o21eXjbFGcOAXZEaDaOFJjc3h2qa7HQNHNshhvoh2A=="
        }
      }
    },
    "jest-expo": {
      "version": "27.0.1",
      "resolved": "https://registry.npmjs.org/jest-expo/-/jest-expo-27.0.1.tgz",
      "integrity": "sha1-ixqXqL4WdSi0ts36X0WTSPC2YCY=",
      "dev": true
    },
    "moment": {
      "version": "2.29.4",
      "resolved": "https://registry.npmjs.org/moment/-/moment-2.29.4.tgz",
      "integrity": "sha512-5LC9SOxjSc2HF6vO2CyuTDNivEdoz2IvyJJGj6X8DJ0eFyfszE0QiEd+iXmBvUP3WHxSjFH/vIsA0EN00cgr8w=="
    },
    "react": {
      "version": "16.3.1",
      "resolved": "https://registry.npmjs.org/react/-/react-16.3.1.tgz",
      "integrity": "sha512-NbkxN9jsZ6+G+ICsLdC7/wUD26uNbvKU/RAxEWgc9kcdKvROt+5d5j2cNQm5PSFTQ4WNGsR3pa4qL2Q0/WSy1w=="
    },
    "react-native": {
      "version": "https://github.com/expo/react-native/archive/sdk-27.0.0.tar.gz",
      "integrity": "sha1-E4UL4z84sN3HJXpKMBCaQcYwWnY=",
      "dependencies": {
        "whatwg-fetch": {
          "version": "1.1.1",
          "resolved": "https://registry.npmjs.org/whatwg-fetch/-/whatwg-fetch-1.1.1.tgz",
          "integrity": "sha1-rDydOfMgxtzlM5lp0FTvQ90zMxk="
        }
      }
    },
    "react-native-debugger-open": {
      "version": "0.3.17",
      "resolved": "https://registry.npmjs.org/react-native-debugger-open/-/react-native-debugger-open-0.3.17.tgz",
      "integrity": "sha512-wNWn5wPjdZTLTbdFBKNNwvIJqnWK4ejMbg0fbZRwpQPYyJqexaEm0TjTvCY4wk210Ag6Rr9vrLZH+dcwZMdMrg==",
      "dev": true
    },
    "react-native-pure-chart": {
      "version": "0.0.21",
      "resolved": "https://registry.npmjs.org/react-native-pure-chart/-/react-native-pure-chart-0.0.21.tgz",
      "integrity": "sha512-jykyIB1l2OeIjtVg1n77CiJB16zid61whcSsA6U5CivVd0vg6t095E3Nu7l2vsA1OHGqy0GNyx7xMEUipMP6+Q=="
    },
    "react-navigation": {
      "version": "1.5.11",
      "resolved": "https://registry.npmjs.org/react-navigation/-/react-navigation-1.5.11.tgz",
      "integrity": "sha512-iKDOEOnXeQ/aetAORO0CeJTw+R4H1ds1SUeewQRv1WfzsPJhtsDbTUM2Y5k/ebqEjKmkUyOrDKceCOd4QBVrAg=="
    },
    "react-redux": {
      "version": "5.0.7",
      "resolved": "https://registry.npmjs.org/react-redux/-/react-redux-5.0.7.tgz",
      "integrity": "sha512-5VI8EV5hdgNgyjfmWzBbdrqUkrVRKlyTKk1sGH3jzM2M2Mhj/seQgPXaz6gVAj2lz/nz688AdTqMO18Lr24Zhg=="
    },
    "redux": {
      "version": "4.0.0",
      "resolved": "https://registry.npmjs.org/redux/-/redux-4.0.0.tgz",
      "integrity": "sha512-NnnHF0h0WVE/hXyrB6OlX67LYRuaf/rJcbWvnHHEPCF/Xa/AZpwhs/20WyqzQae5x4SD2F9nPObgBh2rxAgLiA=="
    },
    "redux-thunk": {
      "version": "2.2.0",
      "resolved": "https://registry.npmjs.org/redux-thunk/-/redux-thunk-2.2.0.tgz",
      "integrity": "sha1-5hWhbha0ehmlFXZhM9Hj6Zt4UuU="
    }
  }
}
